# This file is automatically @generated by Poetry 1.8.2 and should not be changed by hand.

[[package]]
name = "python-json-logger"
version = "3.3.0"
description = "JSON Log Formatter for the Python Logging Package"
optional = false
python-versions = ">=3.8"
files = [
    {file = "python_json_logger-3.3.0-py3-none-any.whl", hash = "sha256:dd980fae8cffb24c13caf6e158d3d61c0d6d22342f932cb6e9deedab3d35eec7"},
    {file = "python_json_logger-3.3.0.tar.gz", hash = "sha256:12b7e74b17775e7d565129296105bbe3910842d9d0eb083fc83a6a617aa8df84"},
]

[package.extras]
dev = ["backports.zoneinfo", "black", "build", "freezegun", "mdx_truly_sane_lists", "mike", "mkdocs", "mkdocs-awesome-pages-plugin", "mkdocs-gen-files", "mkdocs-literate-nav", "mkdocs-material (>=8.5)", "mkdocstrings[python]", "msgspec", "mypy", "orjson", "pylint", "pytest", "tzdata", "validate-pyproject[all]"]

[metadata]
lock-version = "2.0"
python-versions = "^3.11"
content-hash = "85cd289c44c6b2c7dcd542e0dc8c8b9b19ec70f246293e3107ef18243fafb673"
